
Microsoft Visual Studio Solution File, Format Version 12.00
# Visual Studio 14
VisualStudioVersion = 14.0.25123.0
MinimumVisualStudioVersion = 10.0.40219.1
Project("{FAE04EC0-301F-11D3-BF4B-00C04F79EFBC}") = "Portal", "Portal\Portal.csproj", "{561E36C5-3DAA-4122-A30E-55C14BD5B1B4}"
EndProject
Project("{FAE04EC0-301F-11D3-BF4B-00C04F79EFBC}") = "Portal.Tests", "Portal.Tests\Portal.Tests.csproj", "{C1C274C7-9D8D-4036-8004-7694F0FBA668}"
EndProject
Project("{FAE04EC0-301F-11D3-BF4B-00C04F79EFBC}") = "Portal.Services", "Portal.Services\Portal.Services.csproj", "{D8F33E6A-157C-464F-B248-5796FC10C96B}"
EndProject
Project("{FAE04EC0-301F-11D3-BF4B-00C04F79EFBC}") = "Portal.Data", "Portal.Data\Portal.Data.csproj", "{A8BB31BD-11F8-4ED5-8ABE-E0E9824E4D39}"
EndProject
Project("{FAE04EC0-301F-11D3-BF4B-00C04F79EFBC}") = "Portal.Entities", "Portal.Entities\Portal.Entities.csproj", "{B3EED695-C089-47E8-AD0E-A2BA8D2F8790}"
EndProject
Project("{FAE04EC0-301F-11D3-BF4B-00C04F79EFBC}") = "Portal.Filters", "Portal.Filters\Portal.Filters.csproj", "{FE70C462-5402-40D4-818E-84BC05124A58}"
EndProject
Global
	GlobalSection(SolutionConfigurationPlatforms) = preSolution
		Debug|Any CPU = Debug|Any CPU
		Release|Any CPU = Release|Any CPU
	EndGlobalSection
	GlobalSection(ProjectConfigurationPlatforms) = postSolution
		{561E36C5-3DAA-4122-A30E-55C14BD5B1B4}.Debug|Any CPU.ActiveCfg = Debug|Any CPU
		{561E36C5-3DAA-4122-A30E-55C14BD5B1B4}.Debug|Any CPU.Build.0 = Debug|Any CPU
		{561E36C5-3DAA-4122-A30E-55C14BD5B1B4}.Release|Any CPU.ActiveCfg = Release|Any CPU
		{561E36C5-3DAA-4122-A30E-55C14BD5B1B4}.Release|Any CPU.Build.0 = Release|Any CPU
		{C1C274C7-9D8D-4036-8004-7694F0FBA668}.Debug|Any CPU.ActiveCfg = Debug|Any CPU
		{C1C274C7-9D8D-4036-8004-7694F0FBA668}.Debug|Any CPU.Build.0 = Debug|Any CPU
		{C1C274C7-9D8D-4036-8004-7694F0FBA668}.Release|Any CPU.ActiveCfg = Release|Any CPU
		{C1C274C7-9D8D-4036-8004-7694F0FBA668}.Release|Any CPU.Build.0 = Release|Any CPU
		{D8F33E6A-157C-464F-B248-5796FC10C96B}.Debug|Any CPU.ActiveCfg = Debug|Any CPU
		{D8F33E6A-157C-464F-B248-5796FC10C96B}.Debug|Any CPU.Build.0 = Debug|Any CPU
		{D8F33E6A-157C-464F-B248-5796FC10C96B}.Release|Any CPU.ActiveCfg = Release|Any CPU
		{D8F33E6A-157C-464F-B248-5796FC10C96B}.Release|Any CPU.Build.0 = Release|Any CPU
		{A8BB31BD-11F8-4ED5-8ABE-E0E9824E4D39}.Debug|Any CPU.ActiveCfg = Debug|Any CPU
		{A8BB31BD-11F8-4ED5-8ABE-E0E9824E4D39}.Debug|Any CPU.Build.0 = Debug|Any CPU
		{A8BB31BD-11F8-4ED5-8ABE-E0E9824E4D39}.Release|Any CPU.ActiveCfg = Release|Any CPU
		{A8BB31BD-11F8-4ED5-8ABE-E0E9824E4D39}.Release|Any CPU.Build.0 = Release|Any CPU
		{B3EED695-C089-47E8-AD0E-A2BA8D2F8790}.Debug|Any CPU.ActiveCfg = Debug|Any CPU
		{B3EED695-C089-47E8-AD0E-A2BA8D2F8790}.Debug|Any CPU.Build.0 = Debug|Any CPU
		{B3EED695-C089-47E8-AD0E-A2BA8D2F8790}.Release|Any CPU.ActiveCfg = Release|Any CPU
		{B3EED695-C089-47E8-AD0E-A2BA8D2F8790}.Release|Any CPU.Build.0 = Release|Any CPU
		{FE70C462-5402-40D4-818E-84BC05124A58}.Debug|Any CPU.ActiveCfg = Debug|Any CPU
		{FE70C462-5402-40D4-818E-84BC05124A58}.Debug|Any CPU.Build.0 = Debug|Any CPU
		{FE70C462-5402-40D4-818E-84BC05124A58}.Release|Any CPU.ActiveCfg = Release|Any CPU
		{FE70C462-5402-40D4-818E-84BC05124A58}.Release|Any CPU.Build.0 = Release|Any CPU
	EndGlobalSection
	GlobalSection(SolutionProperties) = preSolution
		HideSolutionNode = FALSE
	EndGlobalSection
EndGlobal
